
Microsoft Visual Studio Solution File, Format Version 12.00
# Visual Studio Version 16
VisualStudioVersion = 16.0.31624.102
MinimumVisualStudioVersion = 10.0.40219.1
Project("{FAE04EC0-301F-11D3-BF4B-00C04F79EFBC}") = "HelloWorld", "HelloWorld\HelloWorld.csproj", "{06002EA2-2627-4AFD-9507-686294D4E543}"
EndProject
Global
	GlobalSection(SolutionConfigurationPlatforms) = preSolution
		Debug|Any CPU = Debug|Any CPU
		Release|Any CPU = Release|Any CPU
	EndGlobalSection
	GlobalSection(ProjectConfigurationPlatforms) = postSolution
		{06002EA2-2627-4AFD-9507-686294D4E543}.Debug|Any CPU.ActiveCfg = Debug|Any CPU
		{06002EA2-2627-4AFD-9507-686294D4E543}.Debug|Any CPU.Build.0 = Debug|Any CPU
		{06002EA2-2627-4AFD-9507-686294D4E543}.Release|Any CPU.ActiveCfg = Release|Any CPU
		{06002EA2-2627-4AFD-9507-686294D4E543}.Release|Any CPU.Build.0 = Release|Any CPU
	EndGlobalSection
	GlobalSection(SolutionProperties) = preSolution
		HideSolutionNode = FALSE
	EndGlobalSection
	GlobalSection(ExtensibilityGlobals) = postSolution
		SolutionGuid = {7F3F8739-88CF-4FC6-81BB-8B2B68F3C5D5}
	EndGlobalSection
EndGlobal
